version = 1
revision = 3
requires-python = "==3.10.*"

[[package]]
name = "aiohappyeyeballs"
version = "2.6.2"
source = { registry = "https://pypi.org/simple" }
sdist = { url = "https://files.pythonhosted.org/packages/33/c6/61a2d7b7572279226bb2e7f61d7a19ca7c90da0329c93fa0d560cbf288d8/aiohappyeyeballs-2.6.2.tar.gz", hash = "sha256:e202810ee718bd01fc6ef49e8ea53d023d5cb6b581076d7925aa499fa55dbe64", size = 22591, upload-time = "2026-05-20T15:12:24.631Z" }
wheels = [
    { url = "https://files.pythonhosted.org/packages/5f/fc/a7bf5b6e4e617b45f90f2d9d2a68519c249c81dd4fc2658c7a2a61c4f4b7/aiohappyeyeballs-2.6.2-py3-none-any.whl", hash = "sha256:4708045e2d7a6c6bdf8aafa8ed39649eaf926a4543b54560659129e3365953c4", size = 15062, upload-time = "2026-05-20T15:12:23.328Z" },
]

[[package]]
name = "aiohttp"
version = "3.13.5"
source = { registry = "https://pypi.org/simple" }
dependencies = [
    { name = "aiohappyeyeballs" },
    { name = "aiosignal" },
    { name = "async-timeout" },
    { name = "attrs" },
    { name = "frozenlist" },
    { name = "multidict" },
    { name = "propcache" },
    { name = "yarl" },
]
sdist = { url = "https://files.pythonhosted.org/packages/77/9a/152096d4808df8e4268befa55fba462f440f14beab85e8ad9bf990516918/aiohttp-3.13.5.tar.gz", hash = "sha256:9d98cc980ecc96be6eb4c1994ce35d28d8b1f5e5208a23b421187d1209dbb7d1", size = 7858271, upload-time = "2026-03-31T22:01:03.343Z" }
wheels = [
    { url = "https://files.pythonhosted.org/packages/bd/85/cebc47ee74d8b408749073a1a46c6fcba13d170dc8af7e61996c6c9394ac/aiohttp-3.13.5-cp310-cp310-macosx_10_9_universal2.whl", hash = "sha256:02222e7e233295f40e011c1b00e3b0bd451f22cf853a0304c3595633ee47da4b", size = 750547, upload-time = "2026-03-31T21:56:30.024Z" },
    { url = "https://files.pythonhosted.org/packages/05/98/afd308e35b9d3d8c9ec54c0918f1d722c86dc17ddfec272fcdbcce5a3124/aiohttp-3.13.5-cp310-cp310-macosx_10_9_x86_64.whl", hash = "sha256:bace460460ed20614fa6bc8cb09966c0b8517b8c58ad8046828c6078d25333b5", size = 503535, upload-time = "2026-03-31T21:56:31.935Z" },
    { url = "https://files.pythonhosted.org/packages/6f/4d/926c183e06b09d5270a309eb50fbde7b09782bfd305dec1e800f329834fb/aiohttp-3.13.5-cp310-cp310-macosx_11_0_arm64.whl", hash = "sha256:8f546a4dc1e6a5edbb9fd1fd6ad18134550e096a5a43f4ad74acfbd834fc6670", size = 497830, upload-time = "2026-03-31T21:56:33.654Z" },
    { url = "https://files.pythonhosted.org/packages/e4/d6/f47d1c690f115a5c2a5e8938cce4a232a5be9aac5c5fb2647efcbbbda333/aiohttp-3.13.5-cp310-cp310-manylinux2014_aarch64.manylinux_2_17_aarch64.manylinux_2_28_aarch64.whl", hash = "sha256:c86969d012e51b8e415a8c6ce96f7857d6a87d6207303ab02d5d11ef0cad2274", size = 1682474, upload-time = "2026-03-31T21:56:35.513Z" },
    { url = "https://files.pythonhosted.org/packages/01/44/056fd37b1bb52eac760303e5196acc74d9d546631b035704ae5927f7b4ac/aiohttp-3.13.5-cp310-cp310-manylinux2014_armv7l.manylinux_2_17_armv7l.manylinux_2_31_armv7l.whl", hash = "sha256:b6f6cd1560c5fa427e3b6074bb24d2c64e225afbb7165008903bd42e4e33e28a", size = 1655259, upload-time = "2026-03-31T21:56:37.843Z" },
    { url = "https://files.pythonhosted.org/packages/91/9f/78eb1a20c1c28ae02f6a3c0f4d7b0dcc66abce5290cadd53d78ce3084175/aiohttp-3.13.5-cp310-cp310-manylinux2014_ppc64le.manylinux_2_17_ppc64le.manylinux_2_28_ppc64le.whl", hash = "sha256:636bc362f0c5bbc7372bc3ae49737f9e3030dbce469f0f422c8f38079780363d", size = 1736204, upload-time = "2026-03-31T21:56:39.822Z" },
    { url = "https://files.pythonhosted.org/packages/de/6c/d20d7de23f0b52b8c1d9e2033b2db1ac4dacbb470bb74c56de0f5f86bb4f/aiohttp-3.13.5-cp310-cp310-manylinux2014_s390x.manylinux_2_17_s390x.manylinux_2_28_s390x.whl", hash = "sha256:6a7cbeb06d1070f1d14895eeeed4dac5913b22d7b456f2eb969f11f4b3993796", size = 1826198, upload-time = "2026-03-31T21:56:41.378Z" },
    { url = "https://files.pythonhosted.org/packages/2f/86/a6f3ff1fd795f49545a7c74b2c92f62729135d73e7e4055bf74da5a26c82/aiohttp-3.13.5-cp310-cp310-manylinux2014_x86_64.manylinux_2_17_x86_64.manylinux_2_28_x86_64.whl", hash = "sha256:bca9ef7517fd7874a1a08970ae88f497bf5c984610caa0bf40bd7e8450852b95", size = 1681329, upload-time = "2026-03-31T21:56:43.374Z" },
    { url = "https://files.pythonhosted.org/packages/fb/68/84cd3dab6b7b4f3e6fe9459a961acb142aaab846417f6e8905110d7027e5/aiohttp-3.13.5-cp310-cp310-manylinux_2_31_riscv64.manylinux_2_39_riscv64.whl", hash = "sha256:019a67772e034a0e6b9b17c13d0a8fe56ad9fb150fc724b7f3ffd3724288d9e5", size = 1560023, upload-time = "2026-03-31T21:56:45.031Z" },
    { url = "https://files.pythonhosted.org/packages/41/2c/db61b64b0249e30f954a65ab4cb4970ced57544b1de2e3c98ee5dc24165f/aiohttp-3.13.5-cp310-cp310-musllinux_1_2_aarch64.whl", hash = "sha256:f34ecee82858e41dd217734f0c41a532bd066bcaab636ad830f03a30b2a96f2a", size = 1652372, upload-time = "2026-03-31T21:56:47.075Z" },
    { url = "https://files.pythonhosted.org/packages/25/6f/e96988a6c982d047810c772e28c43c64c300c943b0ed5c1c0c4ce1e1027c/aiohttp-3.13.5-cp310-cp310-musllinux_1_2_armv7l.whl", hash = "sha256:4eac02d9af4813ee289cd63a361576da36dba57f5a1ab36377bc2600db0cbb73", size = 1662031, upload-time = "2026-03-31T21:56:48.835Z" },
    { url = "https://files.pythonhosted.org/packages/b7/26/a56feace81f3d347b4052403a9d03754a0ab23f7940780dada0849a38c92/aiohttp-3.13.5-cp310-cp310-musllinux_1_2_ppc64le.whl", hash = "sha256:4beac52e9fe46d6abf98b0176a88154b742e878fdf209d2248e99fcdf73cd297", size = 1708118, upload-time = "2026-03-31T21:56:50.833Z" },
    { url = "https://files.pythonhosted.org/packages/78/6e/b6173a8ff03d01d5e1a694bc06764b5dad1df2d4ed8f0ceec12bb3277936/aiohttp-3.13.5-cp310-cp310-musllinux_1_2_riscv64.whl", hash = "sha256:c180f480207a9b2475f2b8d8bd7204e47aec952d084b2a2be58a782ffcf96074", size = 1548667, upload-time = "2026-03-31T21:56:52.81Z" },
    { url = "https://files.pythonhosted.org/packages/16/13/13296ffe2c132d888b3fe2c195c8b9c0c24c89c3fa5cc2c44464dc23b22e/aiohttp-3.13.5-cp310-cp310-musllinux_1_2_s390x.whl", hash = "sha256:2837fb92951564d6339cedae4a7231692aa9f73cbc4fb2e04263b96844e03b4e", size = 1724490, upload-time = "2026-03-31T21:56:54.541Z" },
    { url = "https://files.pythonhosted.org/packages/7a/b4/1f1c287f4a79782ef36e5a6e62954c85343bc30470d862d30bd5f26c9fa2/aiohttp-3.13.5-cp310-cp310-musllinux_1_2_x86_64.whl", hash = "sha256:d9010032a0b9710f58012a1e9c222528763d860ba2ee1422c03473eab47703e7", size = 1667109, upload-time = "2026-03-31T21:56:56.21Z" },
    { url = "https://files.pythonhosted.org/packages/ef/42/8461a2aaf60a8f4ea4549a4056be36b904b0eb03d97ca9a8a2604681a500/aiohttp-3.13.5-cp310-cp310-win32.whl", hash = "sha256:7c4b6668b2b2b9027f209ddf647f2a4407784b5d88b8be4efcc72036f365baf9", size = 439478, upload-time = "2026-03-31T21:56:58.292Z" },
    { url = "https://files.pythonhosted.org/packages/e5/71/06956304cb5ee439dfe8d86e1b2e70088bd88ed1ced1f42fb29e5d855f0e/aiohttp-3.13.5-cp310-cp310-win_amd64.whl", hash = "sha256:cd3db5927bf9167d5a6157ddb2f036f6b6b0ad001ac82355d43e97a4bde76d76", size = 462047, upload-time = "2026-03-31T21:57:00.257Z" },
]

[[package]]
name = "aiosignal"
version = "1.4.0"
source = { registry = "https://pypi.org/simple" }
dependencies = [
    { name = "frozenlist" },
    { name = "typing-extensions" },
]
sdist = { url = "https://files.pythonhosted.org/packages/61/62/06741b579156360248d1ec624842ad0edf697050bbaf7c3e46394e106ad1/aiosignal-1.4.0.tar.gz", hash = "sha256:f47eecd9468083c2029cc99945502cb7708b082c232f9aca65da147157b251c7", size = 25007, upload-time = "2025-07-03T22:54:43.528Z" }
wheels = [
    { url = "https://files.pythonhosted.org/packages/fb/76/641ae371508676492379f16e2fa48f4e2c11741bd63c48be4b12a6b09cba/aiosignal-1.4.0-py3-none-any.whl", hash = "sha256:053243f8b92b990551949e63930a839ff0cf0b0ebbe0597b0f3fb19e1a0fe82e", size = 7490, upload-time = "2025-07-03T22:54:42.156Z" },
]

[[package]]
name = "async-timeout"
version = "5.0.1"
source = { registry = "https://pypi.org/simple" }
sdist = { url = "https://files.pythonhosted.org/packages/a5/ae/136395dfbfe00dfc94da3f3e136d0b13f394cba8f4841120e34226265780/async_timeout-5.0.1.tar.gz", hash = "sha256:d9321a7a3d5a6a5e187e824d2fa0793ce379a202935782d555d6e9d2735677d3", size = 9274, upload-time = "2024-11-06T16:41:39.6Z" }
wheels = [
    { url = "https://files.pythonhosted.org/packages/fe/ba/e2081de779ca30d473f21f5b30e0e737c438205440784c7dfc81efc2b029/async_timeout-5.0.1-py3-none-any.whl", hash = "sha256:39e3809566ff85354557ec2398b55e096c8364bacac9405a7a1fa429e77fe76c", size = 6233, upload-time = "2024-11-06T16:41:37.9Z" },
]

[[package]]
name = "attrs"
version = "26.1.0"
source = { registry = "https://pypi.org/simple" }
sdist = { url = "https://files.pythonhosted.org/packages/9a/8e/82a0fe20a541c03148528be8cac2408564a6c9a0cc7e9171802bc1d26985/attrs-26.1.0.tar.gz", hash = "sha256:d03ceb89cb322a8fd706d4fb91940737b6642aa36998fe130a9bc96c985eff32", size = 952055, upload-time = "2026-03-19T14:22:25.026Z" }
wheels = [
    { url = "https://files.pythonhosted.org/packages/64/b4/17d4b0b2a2dc85a6df63d1157e028ed19f90d4cd97c36717afef2bc2f395/attrs-26.1.0-py3-none-any.whl", hash = "sha256:c647aa4a12dfbad9333ca4e71fe62ddc36f4e63b2d260a37a8b83d2f043ac309", size = 67548, upload-time = "2026-03-19T14:22:23.645Z" },
]

[[package]]
name = "frozenlist"
version = "1.8.0"
source = { registry = "https://pypi.org/simple" }
sdist = { url = "https://files.pythonhosted.org/packages/2d/f5/c831fac6cc817d26fd54c7eaccd04ef7e0288806943f7cc5bbf69f3ac1f0/frozenlist-1.8.0.tar.gz", hash = "sha256:3ede829ed8d842f6cd48fc7081d7a41001a56f1f38603f9d49bf3020d59a31ad", size = 45875, upload-time = "2025-10-06T05:38:17.865Z" }
wheels = [
    { url = "https://files.pythonhosted.org/packages/83/4a/557715d5047da48d54e659203b9335be7bfaafda2c3f627b7c47e0b3aaf3/frozenlist-1.8.0-cp310-cp310-macosx_10_9_universal2.whl", hash = "sha256:b37f6d31b3dcea7deb5e9696e529a6aa4a898adc33db82da12e4c60a7c4d2011", size = 86230, upload-time = "2025-10-06T05:35:23.699Z" },
    { url = "https://files.pythonhosted.org/packages/a2/fb/c85f9fed3ea8fe8740e5b46a59cc141c23b842eca617da8876cfce5f760e/frozenlist-1.8.0-cp310-cp310-macosx_10_9_x86_64.whl", hash = "sha256:ef2b7b394f208233e471abc541cc6991f907ffd47dc72584acee3147899d6565", size = 49621, upload-time = "2025-10-06T05:35:25.341Z" },
    { url = "https://files.pythonhosted.org/packages/63/70/26ca3f06aace16f2352796b08704338d74b6d1a24ca38f2771afbb7ed915/frozenlist-1.8.0-cp310-cp310-macosx_11_0_arm64.whl", hash = "sha256:a88f062f072d1589b7b46e951698950e7da00442fc1cacbe17e19e025dc327ad", size = 49889, upload-time = "2025-10-06T05:35:26.797Z" },
    { url = "https://files.pythonhosted.org/packages/5d/ed/c7895fd2fde7f3ee70d248175f9b6cdf792fb741ab92dc59cd9ef3bd241b/frozenlist-1.8.0-cp310-cp310-manylinux1_x86_64.manylinux_2_28_x86_64.manylinux_2_5_x86_64.whl", hash = "sha256:f57fb59d9f385710aa7060e89410aeb5058b99e62f4d16b08b91986b9a2140c2", size = 219464, upload-time = "2025-10-06T05:35:28.254Z" },
    { url = "https://files.pythonhosted.org/packages/6b/83/4d587dccbfca74cb8b810472392ad62bfa100bf8108c7223eb4c4fa2f7b3/frozenlist-1.8.0-cp310-cp310-manylinux2014_aarch64.manylinux_2_17_aarch64.manylinux_2_28_aarch64.whl", hash = "sha256:799345ab092bee59f01a915620b5d014698547afd011e691a208637312db9186", size = 221649, upload-time = "2025-10-06T05:35:29.454Z" },
    { url = "https://files.pythonhosted.org/packages/6a/c6/fd3b9cd046ec5fff9dab66831083bc2077006a874a2d3d9247dea93ddf7e/frozenlist-1.8.0-cp310-cp310-manylinux2014_armv7l.manylinux_2_17_armv7l.manylinux_2_31_armv7l.whl", hash = "sha256:c23c3ff005322a6e16f71bf8692fcf4d5a304aaafe1e262c98c6d4adc7be863e", size = 219188, upload-time = "2025-10-06T05:35:30.951Z" },
    { url = "https://files.pythonhosted.org/packages/ce/80/6693f55eb2e085fc8afb28cf611448fb5b90e98e068fa1d1b8d8e66e5c7d/frozenlist-1.8.0-cp310-cp310-manylinux2014_ppc64le.manylinux_2_17_ppc64le.manylinux_2_28_ppc64le.whl", hash = "sha256:8a76ea0f0b9dfa06f254ee06053d93a600865b3274358ca48a352ce4f0798450", size = 231748, upload-time = "2025-10-06T05:35:32.101Z" },
    { url = "https://files.pythonhosted.org/packages/97/d6/e9459f7c5183854abd989ba384fe0cc1a0fb795a83c033f0571ec5933ca4/frozenlist-1.8.0-cp310-cp310-manylinux2014_s390x.manylinux_2_17_s390x.manylinux_2_28_s390x.whl", hash = "sha256:c7366fe1418a6133d5aa824ee53d406550110984de7637d65a178010f759c6ef", size = 236351, upload-time = "2025-10-06T05:35:33.834Z" },
    { url = "https://files.pythonhosted.org/packages/97/92/24e97474b65c0262e9ecd076e826bfd1d3074adcc165a256e42e7b8a7249/frozenlist-1.8.0-cp310-cp310-musllinux_1_2_aarch64.whl", hash = "sha256:13d23a45c4cebade99340c4165bd90eeb4a56c6d8a9d8aa49568cac19a6d0dc4", size = 218767, upload-time = "2025-10-06T05:35:35.205Z" },
    { url = "https://files.pythonhosted.org/packages/ee/bf/dc394a097508f15abff383c5108cb8ad880d1f64a725ed3b90d5c2fbf0bb/frozenlist-1.8.0-cp310-cp310-musllinux_1_2_armv7l.whl", hash = "sha256:e4a3408834f65da56c83528fb52ce7911484f0d1eaf7b761fc66001db1646eff", size = 235887, upload-time = "2025-10-06T05:35:36.354Z" },
    { url = "https://files.pythonhosted.org/packages/40/90/25b201b9c015dbc999a5baf475a257010471a1fa8c200c843fd4abbee725/frozenlist-1.8.0-cp310-cp310-musllinux_1_2_ppc64le.whl", hash = "sha256:42145cd2748ca39f32801dad54aeea10039da6f86e303659db90db1c4b614c8c", size = 228785, upload-time = "2025-10-06T05:35:37.949Z" },
    { url = "https://files.pythonhosted.org/packages/84/f4/b5bc148df03082f05d2dd30c089e269acdbe251ac9a9cf4e727b2dbb8a3d/frozenlist-1.8.0-cp310-cp310-musllinux_1_2_s390x.whl", hash = "sha256:e2de870d16a7a53901e41b64ffdf26f2fbb8917b3e6ebf398098d72c5b20bd7f", size = 230312, upload-time = "2025-10-06T05:35:39.178Z" },
    { url = "https://files.pythonhosted.org/packages/db/4b/87e95b5d15097c302430e647136b7d7ab2398a702390cf4c8601975709e7/frozenlist-1.8.0-cp310-cp310-musllinux_1_2_x86_64.whl", hash = "sha256:20e63c9493d33ee48536600d1a5c95eefc870cd71e7ab037763d1fbb89cc51e7", size = 217650, upload-time = "2025-10-06T05:35:40.377Z" },
    { url = "https://files.pythonhosted.org/packages/e5/70/78a0315d1fea97120591a83e0acd644da638c872f142fd72a6cebee825f3/frozenlist-1.8.0-cp310-cp310-win32.whl", hash = "sha256:adbeebaebae3526afc3c96fad434367cafbfd1b25d72369a9e5858453b1bb71a", size = 39659, upload-time = "2025-10-06T05:35:41.863Z" },
    { url = "https://files.pythonhosted.org/packages/66/aa/3f04523fb189a00e147e60c5b2205126118f216b0aa908035c45336e27e4/frozenlist-1.8.0-cp310-cp310-win_amd64.whl", hash = "sha256:667c3777ca571e5dbeb76f331562ff98b957431df140b54c85fd4d52eea8d8f6", size = 43837, upload-time = "2025-10-06T05:35:43.205Z" },
    { url = "https://files.pythonhosted.org/packages/39/75/1135feecdd7c336938bd55b4dc3b0dfc46d85b9be12ef2628574b28de776/frozenlist-1.8.0-cp310-cp310-win_arm64.whl", hash = "sha256:80f85f0a7cc86e7a54c46d99c9e1318ff01f4687c172ede30fd52d19d1da1c8e", size = 39989, upload-time = "2025-10-06T05:35:44.596Z" },
    { url = "https://files.pythonhosted.org/packages/9a/9a/e35b4a917281c0b8419d4207f4334c8e8c5dbf4f3f5f9ada73958d937dcc/frozenlist-1.8.0-py3-none-any.whl", hash = "sha256:0c18a16eab41e82c295618a77502e17b195883241c563b00f0aa5106fc4eaa0d", size = 13409, upload-time = "2025-10-06T05:38:16.721Z" },
]

[[package]]
name = "idna"
version = "3.17"
source = { registry = "https://pypi.org/simple" }
sdist = { url = "https://files.pythonhosted.org/packages/b9/28/99c51f664567218d824af024c0251650fb27e4ca066df188dab0769c5b91/idna-3.17.tar.gz", hash = "sha256:5eb0cb53bc467c12eadcf6de83163ad8527cec9416f44b9b61b19caedad2b87f", size = 196048, upload-time = "2026-05-28T14:32:38.55Z" }
wheels = [
    { url = "https://files.pythonhosted.org/packages/de/a7/f76514cc40ad6234098ecdebda08732d75964776c51a42845b7da10649e2/idna-3.17-py3-none-any.whl", hash = "sha256:466e48829084efe2548012b855df21540b96f2e20e51bd124c851536556a592c", size = 65316, upload-time = "2026-05-28T14:32:37.035Z" },
]

[[package]]
name = "iso8601"
version = "2.1.0"
source = { registry = "https://pypi.org/simple" }
sdist = { url = "https://files.pythonhosted.org/packages/b9/f3/ef59cee614d5e0accf6fd0cbba025b93b272e626ca89fb70a3e9187c5d15/iso8601-2.1.0.tar.gz", hash = "sha256:6b1d3829ee8921c4301998c909f7829fa9ed3cbdac0d3b16af2d743aed1ba8df", size = 6522, upload-time = "2023-10-03T00:25:39.317Z" }
wheels = [
    { url = "https://files.pythonhosted.org/packages/6c/0c/f37b6a241f0759b7653ffa7213889d89ad49a2b76eb2ddf3b57b2738c347/iso8601-2.1.0-py3-none-any.whl", hash = "sha256:aac4145c4dcb66ad8b648a02830f5e2ff6c24af20f4f482689be402db2429242", size = 7545, upload-time = "2023-10-03T00:25:32.304Z" },
]

[[package]]
name = "multidict"
version = "6.7.1"
source = { registry = "https://pypi.org/simple" }
dependencies = [
    { name = "typing-extensions" },
]
sdist = { url = "https://files.pythonhosted.org/packages/1a/c2/c2d94cbe6ac1753f3fc980da97b3d930efe1da3af3c9f5125354436c073d/multidict-6.7.1.tar.gz", hash = "sha256:ec6652a1bee61c53a3e5776b6049172c53b6aaba34f18c9ad04f82712bac623d", size = 102010, upload-time = "2026-01-26T02:46:45.979Z" }
wheels = [
    { url = "https://files.pythonhosted.org/packages/84/0b/19348d4c98980c4851d2f943f8ebafdece2ae7ef737adcfa5994ce8e5f10/multidict-6.7.1-cp310-cp310-macosx_10_9_universal2.whl", hash = "sha256:c93c3db7ea657dd4637d57e74ab73de31bccefe144d3d4ce370052035bc85fb5", size = 77176, upload-time = "2026-01-26T02:42:59.784Z" },
    { url = "https://files.pythonhosted.org/packages/ef/04/9de3f8077852e3d438215c81e9b691244532d2e05b4270e89ce67b7d103c/multidict-6.7.1-cp310-cp310-macosx_10_9_x86_64.whl", hash = "sha256:974e72a2474600827abaeda71af0c53d9ebbc3c2eb7da37b37d7829ae31232d8", size = 44996, upload-time = "2026-01-26T02:43:01.674Z" },
    { url = "https://files.pythonhosted.org/packages/31/5c/08c7f7fe311f32e83f7621cd3f99d805f45519cd06fafb247628b861da7d/multidict-6.7.1-cp310-cp310-macosx_11_0_arm64.whl", hash = "sha256:cdea2e7b2456cfb6694fb113066fd0ec7ea4d67e3a35e1f4cbeea0b448bf5872", size = 44631, upload-time = "2026-01-26T02:43:03.169Z" },
    { url = "https://files.pythonhosted.org/packages/b7/7f/0e3b1390ae772f27501199996b94b52ceeb64fe6f9120a32c6c3f6b781be/multidict-6.7.1-cp310-cp310-manylinux1_i686.manylinux_2_28_i686.manylinux_2_5_i686.whl", hash = "sha256:17207077e29342fdc2c9a82e4b306f1127bf1ea91f8b71e02d4798a70bb99991", size = 242561, upload-time = "2026-01-26T02:43:04.733Z" },
    { url = "https://files.pythonhosted.org/packages/dd/f4/8719f4f167586af317b69dd3e90f913416c91ca610cac79a45c53f590312/multidict-6.7.1-cp310-cp310-manylinux2014_aarch64.manylinux_2_17_aarch64.manylinux_2_28_aarch64.whl", hash = "sha256:d4f49cb5661344764e4c7c7973e92a47a59b8fc19b6523649ec9dc4960e58a03", size = 242223, upload-time = "2026-01-26T02:43:06.695Z" },
    { url = "https://files.pythonhosted.org/packages/47/ab/7c36164cce64a6ad19c6d9a85377b7178ecf3b89f8fd589c73381a5eedfd/multidict-6.7.1-cp310-cp310-manylinux2014_armv7l.manylinux_2_17_armv7l.manylinux_2_31_armv7l.whl", hash = "sha256:a9fc4caa29e2e6ae408d1c450ac8bf19892c5fca83ee634ecd88a53332c59981", size = 222322, upload-time = "2026-01-26T02:43:08.472Z" },
    { url = "https://files.pythonhosted.org/packages/f5/79/a25add6fb38035b5337bc5734f296d9afc99163403bbcf56d4170f97eb62/multidict-6.7.1-cp310-cp310-manylinux2014_ppc64le.manylinux_2_17_ppc64le.manylinux_2_28_ppc64le.whl", hash = "sha256:c5f0c21549ab432b57dcc82130f388d84ad8179824cc3f223d5e7cfbfd4143f6", size = 254005, upload-time = "2026-01-26T02:43:10.127Z" },
    { url = "https://files.pythonhosted.org/packages/4a/7b/64a87cf98e12f756fc8bd444b001232ffff2be37288f018ad0d3f0aae931/multidict-6.7.1-cp310-cp310-manylinux2014_s390x.manylinux_2_17_s390x.manylinux_2_28_s390x.whl", hash = "sha256:7dfb78d966b2c906ae1d28ccf6e6712a3cd04407ee5088cd276fe8cb42186190", size = 251173, upload-time = "2026-01-26T02:43:11.731Z" },
    { url = "https://files.pythonhosted.org/packages/4b/ac/b605473de2bb404e742f2cc3583d12aedb2352a70e49ae8fce455b50c5aa/multidict-6.7.1-cp310-cp310-manylinux2014_x86_64.manylinux_2_17_x86_64.manylinux_2_28_x86_64.whl", hash = "sha256:9b0d9b91d1aa44db9c1f1ecd0d9d2ae610b2f4f856448664e01a3b35899f3f92", size = 243273, upload-time = "2026-01-26T02:43:13.063Z" },
    { url = "https://files.pythonhosted.org/packages/03/65/11492d6a0e259783720f3bc1d9ea55579a76f1407e31ed44045c99542004/multidict-6.7.1-cp310-cp310-musllinux_1_2_aarch64.whl", hash = "sha256:dd96c01a9dcd4889dcfcf9eb5544ca0c77603f239e3ffab0524ec17aea9a93ee", size = 238956, upload-time = "2026-01-26T02:43:14.843Z" },
    { url = "https://files.pythonhosted.org/packages/5f/a7/7ee591302af64e7c196fb63fe856c788993c1372df765102bd0448e7e165/multidict-6.7.1-cp310-cp310-musllinux_1_2_armv7l.whl", hash = "sha256:067343c68cd6612d375710f895337b3a98a033c94f14b9a99eff902f205424e2", size = 233477, upload-time = "2026-01-26T02:43:16.025Z" },
    { url = "https://files.pythonhosted.org/packages/9c/99/c109962d58756c35fd9992fed7f2355303846ea2ff054bb5f5e9d6b888de/multidict-6.7.1-cp310-cp310-musllinux_1_2_i686.whl", hash = "sha256:5884a04f4ff56c6120f6ccf703bdeb8b5079d808ba604d4d53aec0d55dc33568", size = 243615, upload-time = "2026-01-26T02:43:17.84Z" },
    { url = "https://files.pythonhosted.org/packages/d5/5f/1973e7c771c86e93dcfe1c9cc55a5481b610f6614acfc28c0d326fe6bfad/multidict-6.7.1-cp310-cp310-musllinux_1_2_ppc64le.whl", hash = "sha256:8affcf1c98b82bc901702eb73b6947a1bfa170823c153fe8a47b5f5f02e48e40", size = 249930, upload-time = "2026-01-26T02:43:19.06Z" },
    { url = "https://files.pythonhosted.org/packages/5d/a5/f170fc2268c3243853580203378cd522446b2df632061e0a5409817854c7/multidict-6.7.1-cp310-cp310-musllinux_1_2_s390x.whl", hash = "sha256:0d17522c37d03e85c8098ec8431636309b2682cf12e58f4dbc76121fb50e4962", size = 243807, upload-time = "2026-01-26T02:43:20.286Z" },
    { url = "https://files.pythonhosted.org/packages/de/01/73856fab6d125e5bc652c3986b90e8699a95e84b48d72f39ade6c0e74a8c/multidict-6.7.1-cp310-cp310-musllinux_1_2_x86_64.whl", hash = "sha256:24c0cf81544ca5e17cfcb6e482e7a82cd475925242b308b890c9452a074d4505", size = 239103, upload-time = "2026-01-26T02:43:21.508Z" },
    { url = "https://files.pythonhosted.org/packages/e7/46/f1220bd9944d8aa40d8ccff100eeeee19b505b857b6f603d6078cb5315b0/multidict-6.7.1-cp310-cp310-win32.whl", hash = "sha256:d82dd730a95e6643802f4454b8fdecdf08667881a9c5670db85bc5a56693f122", size = 41416, upload-time = "2026-01-26T02:43:22.703Z" },
    { url = "https://files.pythonhosted.org/packages/68/00/9b38e272a770303692fc406c36e1a4c740f401522d5787691eb38a8925a8/multidict-6.7.1-cp310-cp310-win_amd64.whl", hash = "sha256:cf37cbe5ced48d417ba045aca1b21bafca67489452debcde94778a576666a1df", size = 46022, upload-time = "2026-01-26T02:43:23.77Z" },
    { url = "https://files.pythonhosted.org/packages/64/65/d8d42490c02ee07b6bbe00f7190d70bb4738b3cce7629aaf9f213ef730dd/multidict-6.7.1-cp310-cp310-win_arm64.whl", hash = "sha256:59bc83d3f66b41dac1e7460aac1d196edc70c9ba3094965c467715a70ecb46db", size = 43238, upload-time = "2026-01-26T02:43:24.882Z" },
    { url = "https://files.pythonhosted.org/packages/81/08/7036c080d7117f28a4af526d794aab6a84463126db031b007717c1a6676e/multidict-6.7.1-py3-none-any.whl", hash = "sha256:55d97cc6dae627efa6a6e548885712d4864b81110ac76fa4e534c03819fa4a56", size = 12319, upload-time = "2026-01-26T02:46:44.004Z" },
]

[[package]]
name = "propcache"
version = "0.5.2"
source = { registry = "https://pypi.org/simple" }
sdist = { url = "https://files.pythonhosted.org/packages/ec/44/c87281c333769159c50594f22610f77398a47ccbfbbf23074e744e86f87c/propcache-0.5.2.tar.gz", hash = "sha256:01c4fc7480cd0598bb4b57022df55b9ca296da7fc5a8760bd8451a7e63a7d427", size = 50208, upload-time = "2026-05-08T21:02:12.199Z" }
wheels = [
    { url = "https://files.pythonhosted.org/packages/5b/56/030b7b4719d53085722893e0009dffb9236aa10bca1b12121bdc5626ef16/propcache-0.5.2-cp310-cp310-macosx_10_9_universal2.whl", hash = "sha256:d5a81be28596d6559f6131ef33e10200de6e17643b3c74ce03f9eb103be6ae8b", size = 93417, upload-time = "2026-05-08T20:59:15.597Z" },
    { url = "https://files.pythonhosted.org/packages/1a/55/1140a8e067b8ec093a18a4ae7bb0045d9db65da38a08618ddc5e2f1994aa/propcache-0.5.2-cp310-cp310-macosx_10_9_x86_64.whl", hash = "sha256:29cbaac5ea0212663e6845e04b5e188d5a6ae6dd919810ac835bf1d3b42c3f4c", size = 53847, upload-time = "2026-05-08T20:59:17.096Z" },
    { url = "https://files.pythonhosted.org/packages/20/42/0e7443c90310498561addf346e7d57fe3c6ba1914e1ba938b5464c7bbfd2/propcache-0.5.2-cp310-cp310-macosx_11_0_arm64.whl", hash = "sha256:6bf3be92233808fcd338eba0fb4d0b59ec5772af4f4ecfcec450d1bfc0f8b5eb", size = 53512, upload-time = "2026-05-08T20:59:18.64Z" },
    { url = "https://files.pythonhosted.org/packages/b7/db/cf51a71bab2009517d1a7f0ee07657e3bd446c4d69f67e6966cf17bcf956/propcache-0.5.2-cp310-cp310-manylinux2014_aarch64.manylinux_2_17_aarch64.manylinux_2_28_aarch64.whl", hash = "sha256:2f8ea531c794b9d6274acd4e8d2c2ebcac590a4361d27482edd3010b79f1325e", size = 58068, upload-time = "2026-05-08T20:59:20.683Z" },
    { url = "https://files.pythonhosted.org/packages/b7/43/39b6bdee9699fa1e1641c519feeb64a67e2a9f93bb465c70776b37a7333f/propcache-0.5.2-cp310-cp310-manylinux2014_ppc64le.manylinux_2_17_ppc64le.manylinux_2_28_ppc64le.whl", hash = "sha256:decfca4c79dd53ebab484b00cc4b6717d8c369f86e74aa4ca395a64ac651495e", size = 61020, upload-time = "2026-05-08T20:59:22.112Z" },
    { url = "https://files.pythonhosted.org/packages/26/0b/843726fbb0a29a8c5684fdb25971823638399f31e52e9d1f06a02dc9aa6b/propcache-0.5.2-cp310-cp310-manylinux2014_s390x.manylinux_2_17_s390x.manylinux_2_28_s390x.whl", hash = "sha256:4621064bbf28fa77ff64dd5d94367c04684c67d3a5bf1dff25f0cd0d98a38f3b", size = 62732, upload-time = "2026-05-08T20:59:23.805Z" },
    { url = "https://files.pythonhosted.org/packages/39/6e/899fed76dc1942b8a64193a4f059d7f1a2c7ef65085e8a9366ed8ec0d199/propcache-0.5.2-cp310-cp310-manylinux2014_x86_64.manylinux_2_17_x86_64.manylinux_2_28_x86_64.whl", hash = "sha256:b96db7141a592cbc968daf1feea83a118e6ab378af4abbc72b248c895414c22d", size = 60140, upload-time = "2026-05-08T20:59:25.389Z" },
    { url = "https://files.pythonhosted.org/packages/ab/09/3da4be9b5b879219ad234aa535b3dd4a080ed1ad48d3a73ca07a9e798f22/propcache-0.5.2-cp310-cp310-manylinux_2_31_riscv64.manylinux_2_39_riscv64.whl", hash = "sha256:1ca071adabaab6e9219924bbe00af821f1ee7de113a9eca1cdc292de3d120f4d", size = 60400, upload-time = "2026-05-08T20:59:27.238Z" },
    { url = "https://files.pythonhosted.org/packages/60/2f/09b72b874a9aa0044faf52a69807a6ed618e267ceaa9ec4a63195fa5b504/propcache-0.5.2-cp310-cp310-musllinux_1_2_aarch64.whl", hash = "sha256:e4294d04a94dcab1b3bccd8b66d962dcad411a1d19414b2a41d1445f1de32ad0", size = 58155, upload-time = "2026-05-08T20:59:28.48Z" },
    { url = "https://files.pythonhosted.org/packages/8a/37/97489848c54c95578045473954f10956d619ce6a09e7ac137b71cdcb698b/propcache-0.5.2-cp310-cp310-musllinux_1_2_armv7l.whl", hash = "sha256:a0e399a2eccb91ed18721f86aa85757727400b6865c89e88934781deb9c8498b", size = 57037, upload-time = "2026-05-08T20:59:30.146Z" },
    { url = "https://files.pythonhosted.org/packages/22/db/6c695285ccfc49012743ee9c98212b8c5dd0aed7b63cfd816d4a0f7a1601/propcache-0.5.2-cp310-cp310-musllinux_1_2_ppc64le.whl", hash = "sha256:823581fd5cb08b12a48bfa11fe962a7916766b6170c17b028fbdf762b85eb9bf", size = 61103, upload-time = "2026-05-08T20:59:31.626Z" },
    { url = "https://files.pythonhosted.org/packages/98/a9/1e500401ca593b0bdb6bf75a70bc2d723835fd53360edff6af70692c7546/propcache-0.5.2-cp310-cp310-musllinux_1_2_riscv64.whl", hash = "sha256:949c91d1a990cf3b2e8188dfcfb25005e0b834a06c63fa4ef9f360878ce21ecf", size = 60394, upload-time = "2026-05-08T20:59:32.829Z" },
    { url = "https://files.pythonhosted.org/packages/1f/87/f638b6e375eae0f30a1a2325d8b34fd85fdc785bb9960cf805f3bf1ec69a/propcache-0.5.2-cp310-cp310-musllinux_1_2_s390x.whl", hash = "sha256:cc1177027eda740fdb152706bd215a3f124e3eea15afc39f2cb9fe351b50619e", size = 63084, upload-time = "2026-05-08T20:59:35.964Z" },
    { url = "https://files.pythonhosted.org/packages/f6/18/884573f5d97b6d9eba68de759a82c901b7e39d7904d30f7b8d58d42d2a12/propcache-0.5.2-cp310-cp310-musllinux_1_2_x86_64.whl", hash = "sha256:b05d643f944a8c3c4bd86d65ffd87bf3264b617f87791940302bc474d2ff5274", size = 60999, upload-time = "2026-05-08T20:59:38.481Z" },
    { url = "https://files.pythonhosted.org/packages/8f/1a/c3915eb059ceec9e758a56e4cfd955292bc0f201be2176a46b76d94b303a/propcache-0.5.2-cp310-cp310-win32.whl", hash = "sha256:8114f28879e0904748e831c3a7774261bd9e75f49be089f389a76f959dcd13fe", size = 39036, upload-time = "2026-05-08T20:59:40.323Z" },
    { url = "https://files.pythonhosted.org/packages/5b/02/1dfd5607501a602d19c1c449d2d193b7d1c611f9246b4059026a1189a80e/propcache-0.5.2-cp310-cp310-win_amd64.whl", hash = "sha256:5fcb98e7598b1ee0addab320d90f65b530297a867dbfe9de52ea838077e16e3d", size = 42190, upload-time = "2026-05-08T20:59:42.232Z" },
    { url = "https://files.pythonhosted.org/packages/57/93/f71588ad08b3e6f4b555b5ef215808a3c02b042d0151ad82fa6f15be677a/propcache-0.5.2-cp310-cp310-win_arm64.whl", hash = "sha256:04dc2390d9edbbaef7461f33322555976ffddf0b650a038649d026358714e6c5", size = 38545, upload-time = "2026-05-08T20:59:44.087Z" },
    { url = "https://files.pythonhosted.org/packages/3a/ed/1cdcab6ba3d6ab7feca11fc14f0eeea80755bb53ef4e892079f31b10a25f/propcache-0.5.2-py3-none-any.whl", hash = "sha256:be1ddfcbb376e3de5d2e2db1d58d6d67463e6b4f9f040c000de8e300295465fe", size = 14036, upload-time = "2026-05-08T21:02:10.673Z" },
]

[[package]]
name = "pygame-ce"
version = "2.5.7"
source = { registry = "https://pypi.org/simple" }
sdist = { url = "https://files.pythonhosted.org/packages/e9/0d/bb6a6fdf1b227c0bb9a44437a70962a3854bcc541533c261e5021a5ee691/pygame_ce-2.5.7.tar.gz", hash = "sha256:86beb797cd73c141299a29b56f7df2b0543fbdc81d428022458329ff694aaa51", size = 5935870, upload-time = "2026-03-02T09:26:59.005Z" }
wheels = [
    { url = "https://files.pythonhosted.org/packages/c3/24/49a68d24908ae0be0e69631c015e288ea3b4f3e851aae60141faeb8d3892/pygame_ce-2.5.7-cp310-cp310-macosx_10_11_universal2.whl", hash = "sha256:77d7d27cc46b846c814f1d85366d5af066483917f26433a10a949e74f471dfeb", size = 17234485, upload-time = "2026-03-02T09:25:16.992Z" },
    { url = "https://files.pythonhosted.org/packages/fe/9e/228bfcd45db754eb70112e969c05678704da71508f105b2a59964029d0fc/pygame_ce-2.5.7-cp310-cp310-manylinux2014_aarch64.manylinux_2_17_aarch64.whl", hash = "sha256:9da68411fd4a1bb50375a40cc0ee5c0f83da51450acda8a87e7a83837670f657", size = 12722138, upload-time = "2026-03-02T09:25:19.971Z" },
    { url = "https://files.pythonhosted.org/packages/d4/8f/4ae05558744db08d681b96a36d61c1e2c647ba14cbd0b53a6aea1402b9a0/pygame_ce-2.5.7-cp310-cp310-manylinux2014_i686.manylinux_2_17_i686.whl", hash = "sha256:1f9a60af653f367807dc50059122a5f6cbd1b5de68233306421b0c3218bcc92d", size = 13249126, upload-time = "2026-03-02T09:25:22.53Z" },
    { url = "https://files.pythonhosted.org/packages/25/54/dd8ef25eec93dc7e2b1c35cf2d596791887aefaa98cc37f0050793dda52b/pygame_ce-2.5.7-cp310-cp310-manylinux2014_x86_64.manylinux_2_17_x86_64.whl", hash = "sha256:322052db99d25f7faca0502e0b2a905eb68c10ec5f7a1fd59803c4175f1d1269", size = 12822724, upload-time = "2026-03-02T09:25:25.209Z" },
    { url = "https://files.pythonhosted.org/packages/75/86/9e90ddb19cd000024dac7c5de587ccd65a7ba522dd13cea17fb31a22e9f0/pygame_ce-2.5.7-cp310-cp310-win32.whl", hash = "sha256:275910c7f26baa7bf52b8e0ebd9301fe968806b9bd777506d6fc17e2bbcf3121", size = 9838344, upload-time = "2026-03-02T09:25:27.896Z" },
    { url = "https://files.pythonhosted.org/packages/04/41/186172be6e46a7198f6d8fc07b455b5d6af326e109a518bac2cf39239ba5/pygame_ce-2.5.7-cp310-cp310-win_amd64.whl", hash = "sha256:de75f752d6a090839ebdc69b3365478d0f8a98ea02d1eee417a4a1436c1b5168", size = 10421706, upload-time = "2026-03-02T09:25:30.43Z" },
]

[[package]]
name = "python-dotenv"
version = "1.2.2"
source = { registry = "https://pypi.org/simple" }
sdist = { url = "https://files.pythonhosted.org/packages/82/ed/0301aeeac3e5353ef3d94b6ec08bbcabd04a72018415dcb29e588514bba8/python_dotenv-1.2.2.tar.gz", hash = "sha256:2c371a91fbd7ba082c2c1dc1f8bf89ca22564a087c2c287cd9b662adde799cf3", size = 50135, upload-time = "2026-03-01T16:00:26.196Z" }
wheels = [
    { url = "https://files.pythonhosted.org/packages/0b/d7/1959b9648791274998a9c3526f6d0ec8fd2233e4d4acce81bbae76b44b2a/python_dotenv-1.2.2-py3-none-any.whl", hash = "sha256:1d8214789a24de455a8b8bd8ae6fe3c6b69a5e3d64aa8a8e5d68e694bbcb285a", size = 22101, upload-time = "2026-03-01T16:00:25.09Z" },
]

[[package]]
name = "twitch-playground"
version = "0.1.0"
source = { editable = "." }
dependencies = [
    { name = "pygame-ce" },
    { name = "python-dotenv" },
    { name = "twitchio" },
]

[package.metadata]
requires-dist = [
    { name = "pygame-ce", specifier = ">=2.4" },
    { name = "python-dotenv", specifier = ">=1.0" },
    { name = "twitchio", specifier = ">=2.10,<3" },
]

[[package]]
name = "twitchio"
version = "2.10.0"
source = { registry = "https://pypi.org/simple" }
dependencies = [
    { name = "aiohttp" },
    { name = "iso8601" },
    { name = "typing-extensions" },
]
sdist = { url = "https://files.pythonhosted.org/packages/de/61/3f177d7e48af2816bd7bc639a7d5c4f2fa0ff3ae46faf36754b3c3676de9/twitchio-2.10.0.tar.gz", hash = "sha256:3ae5e17b3764eff24ad7d12decb473c9d34f18510b5d705e0bbe6fcf0b06fd75", size = 114393, upload-time = "2024-06-25T14:47:22.463Z" }
wheels = [
    { url = "https://files.pythonhosted.org/packages/4b/be/49d93b0e13dad69a636e550a7b96a5208af9a91100f9b142a363882e0c4c/twitchio-2.10.0-py3-none-any.whl", hash = "sha256:7aa0b6950dad90feeb04b03fd10d3e4292fa8a7c2e7aea6b2fd6686bc5425fb2", size = 143761, upload-time = "2024-06-25T14:47:20.63Z" },
]

[[package]]
name = "typing-extensions"
version = "4.15.0"
source = { registry = "https://pypi.org/simple" }
sdist = { url = "https://files.pythonhosted.org/packages/72/94/1a15dd82efb362ac84269196e94cf00f187f7ed21c242792a923cdb1c61f/typing_extensions-4.15.0.tar.gz", hash = "sha256:0cea48d173cc12fa28ecabc3b837ea3cf6f38c6d1136f85cbaaf598984861466", size = 109391, upload-time = "2025-08-25T13:49:26.313Z" }
wheels = [
    { url = "https://files.pythonhosted.org/packages/18/67/36e9267722cc04a6b9f15c7f3441c2363321a3ea07da7ae0c0707beb2a9c/typing_extensions-4.15.0-py3-none-any.whl", hash = "sha256:f0fa19c6845758ab08074a0cfa8b7aecb71c999ca73d62883bc25cc018c4e548", size = 44614, upload-time = "2025-08-25T13:49:24.86Z" },
]

[[package]]
name = "yarl"
version = "1.24.2"
source = { registry = "https://pypi.org/simple" }
dependencies = [
    { name = "idna" },
    { name = "multidict" },
    { name = "propcache" },
]
sdist = { url = "https://files.pythonhosted.org/packages/79/12/1e8f37460ea0f7eb59c221fdaf0ed75e7ac43e97f8093b9c6f411df50a78/yarl-1.24.2.tar.gz", hash = "sha256:9ac374123c6fd7abf64d1fec93962b0bd4ee2c19751755a762a72dd96c0378f8", size = 210798, upload-time = "2026-05-19T21:31:05.599Z" }
wheels = [
    { url = "https://files.pythonhosted.org/packages/3f/df/f1c7a3de0831cd83194f1a85c5bb431b13f81e6b45079314c86d1c4ef3f2/yarl-1.24.2-cp310-cp310-macosx_10_9_universal2.whl", hash = "sha256:5249a113065c2b7a958bc699759e359cd61cfc81e3069662208f48f191b7ed12", size = 129057, upload-time = "2026-05-19T21:27:47.564Z" },
    { url = "https://files.pythonhosted.org/packages/48/41/7daafb32dd7562bf45b1ce56562e7e1a9146f6479b6456873eb8a3413c40/yarl-1.24.2-cp310-cp310-macosx_10_9_x86_64.whl", hash = "sha256:7f4425fa244fbf530b006d0c5f79ce920114cfff5b4f5f6056e669f8e160fdc0", size = 91545, upload-time = "2026-05-19T21:27:50.089Z" },
    { url = "https://files.pythonhosted.org/packages/a8/8f/7b3ec212f1ea0683f55f978e3246bc313c38818664edfc97a9f349a4901e/yarl-1.24.2-cp310-cp310-macosx_11_0_arm64.whl", hash = "sha256:15c0b5e49d3c44e2a0b93e6a49476c5edad0a7686b92c395765a7ea775572a75", size = 91380, upload-time = "2026-05-19T21:27:51.953Z" },
    { url = "https://files.pythonhosted.org/packages/8a/1b/8bafab7db23b0567ae9db749099b329d91e3b82bc6028b2050ba583e116c/yarl-1.24.2-cp310-cp310-manylinux2014_aarch64.manylinux_2_17_aarch64.manylinux_2_28_aarch64.whl", hash = "sha256:246d32a53a947c8f0189f5d699cbd4c7036de45d9359e13ba238d1239678c727", size = 105957, upload-time = "2026-05-19T21:27:53.98Z" },
    { url = "https://files.pythonhosted.org/packages/7f/77/21030c2f8d21d21559719beafc772ada2014be933418ed1eaed9cc800e42/yarl-1.24.2-cp310-cp310-manylinux2014_armv7l.manylinux_2_17_armv7l.manylinux_2_31_armv7l.whl", hash = "sha256:64480fb3e4d4ed9ed71c48a91a477384fc342a50ca30071d2f8a88d51d9c9413", size = 97242, upload-time = "2026-05-19T21:27:55.981Z" },
    { url = "https://files.pythonhosted.org/packages/50/d8/f9ea63d1b6aa910a866e089d871fff6cbd49caab29b86b35221a62dfa0d5/yarl-1.24.2-cp310-cp310-manylinux2014_ppc64le.manylinux_2_17_ppc64le.manylinux_2_28_ppc64le.whl", hash = "sha256:349de4701dc3760b6e876628423a8f147ef4f5599d10aba1e10702075d424ed9", size = 114719, upload-time = "2026-05-19T21:27:58.037Z" },
    { url = "https://files.pythonhosted.org/packages/e9/a3/04e0ee98ac58a249ea7ed75223f5f901ba81a834f0b4921b58e5cec11757/yarl-1.24.2-cp310-cp310-manylinux2014_s390x.manylinux_2_17_s390x.manylinux_2_28_s390x.whl", hash = "sha256:d162677af8d5d3d6ebab8394b021f4d041ac107a4b705873148a77a49dc9e1b2", size = 112140, upload-time = "2026-05-19T21:27:59.618Z" },
    { url = "https://files.pythonhosted.org/packages/02/ad/0b9cc9f38a7324a7eb1d80f834eaa5283d17e9271bbda3186e598dddaeac/yarl-1.24.2-cp310-cp310-manylinux2014_x86_64.manylinux_2_17_x86_64.manylinux_2_28_x86_64.whl", hash = "sha256:f5f5c6ec23a9043f2d139cc072f53dd23168d202a334b9b2fda8de4c3e890d90", size = 106721, upload-time = "2026-05-19T21:28:02.586Z" },
    { url = "https://files.pythonhosted.org/packages/65/e7/a52478ebfc66ec989e085c6ae038b9f1bfa4190baa193b133b669c709e2f/yarl-1.24.2-cp310-cp310-manylinux_2_31_riscv64.manylinux_2_39_riscv64.whl", hash = "sha256:60de6742447fbbf697f16f070b8a443f1b5fe6ca3826fbef9fe70ecd5328e643", size = 106478, upload-time = "2026-05-19T21:28:04.523Z" },
    { url = "https://files.pythonhosted.org/packages/04/d8/5508530fea8472542de00013ae280765fc938ee196fc4030c43a498afb36/yarl-1.24.2-cp310-cp310-musllinux_1_2_aarch64.whl", hash = "sha256:acf93187c3710e422368eb768aee98db551ec7c85adc250207a95c16548ab7ac", size = 105423, upload-time = "2026-05-19T21:28:06.515Z" },
    { url = "https://files.pythonhosted.org/packages/84/f1/ece28505e9628e8b756e11bb4f28864a17cc33b6b44db4d2aaf0622bf630/yarl-1.24.2-cp310-cp310-musllinux_1_2_armv7l.whl", hash = "sha256:f4b0352fd41fd34b6651934606268816afd6914d09626f9bcbbf018edb0afb3f", size = 99878, upload-time = "2026-05-19T21:28:08.637Z" },
    { url = "https://files.pythonhosted.org/packages/3f/52/fb5d34529b46dd84013afcfb30b8d2bc2832ed03d412736f577d604fa393/yarl-1.24.2-cp310-cp310-musllinux_1_2_ppc64le.whl", hash = "sha256:6b208bb939099b4b297438da4e9b25357f0b1c791888669b963e45b203ea9f36", size = 114025, upload-time = "2026-05-19T21:28:10.64Z" },
    { url = "https://files.pythonhosted.org/packages/43/f0/ff9d31aaab024f7a251c0ed308a98ae29bf9f7dc344e78f28b1322431ca2/yarl-1.24.2-cp310-cp310-musllinux_1_2_riscv64.whl", hash = "sha256:4b85b8825e631295ff4bc8943f7471d54c533a9360bbe15ebb38e018b555bb8a", size = 105613, upload-time = "2026-05-19T21:28:12.784Z" },
    { url = "https://files.pythonhosted.org/packages/31/7d/3296fb3f3ecd52bf9ae6c16b0895c1cda7e9170a2083861552b683f70264/yarl-1.24.2-cp310-cp310-musllinux_1_2_s390x.whl", hash = "sha256:e26acf20c26cb4fefc631fdb75aca2a6b8fa8b7b5d7f204fb6a8f1e63c706f53", size = 111665, upload-time = "2026-05-19T21:28:14.393Z" },
    { url = "https://files.pythonhosted.org/packages/1a/74/77aa6ddaca4fbf42e45e675a465c43956dd40702281049975a2aa04eae59/yarl-1.24.2-cp310-cp310-musllinux_1_2_x86_64.whl", hash = "sha256:819ca24f8eafcfb683c1bd5f44f2f488cea1274eb8944731ffd2e1f10f619342", size = 106914, upload-time = "2026-05-19T21:28:15.893Z" },
    { url = "https://files.pythonhosted.org/packages/d8/02/7611f22cd1d4ed7373eb7f9ee21fde1046edba2e7c0e514880d760352f48/yarl-1.24.2-cp310-cp310-win_amd64.whl", hash = "sha256:5cb0f995a901c36be096ccbf4c673591c2faabbe96279598ffaec8c030f85bf4", size = 92658, upload-time = "2026-05-19T21:28:17.471Z" },
    { url = "https://files.pythonhosted.org/packages/91/00/671d0add79938127292839ae44506ce2f7fe8909c72d5a931864f128fd0b/yarl-1.24.2-cp310-cp310-win_arm64.whl", hash = "sha256:f408eace7e22a68b467a0562e0d27d322f91fe3eaaa6f466b962c6cfaea9fa39", size = 87887, upload-time = "2026-05-19T21:28:19.021Z" },
    { url = "https://files.pythonhosted.org/packages/fd/4d/4b880086bd0d3e034d25647be1d830afc3e3f610e98c4ab3490af6b1b6d5/yarl-1.24.2-py3-none-any.whl", hash = "sha256:2783d9226db8797636cd6896e4de81feed252d1db72265686c9558d97a4d94b9", size = 53576, upload-time = "2026-05-19T21:31:03.909Z" },
]
